// !$*UTF8*$!
{
	archiveVersion = 1;
	classes = {
	};
	objectVersion = 50;
	objects = {

/* Begin PBXBuildFile section */
		3656F07922B29CBD00AE1EA9 /* AppDelegate.swift in Sources */ = {isa = PBXBuildFile; fileRef = 3656F07822B29CBD00AE1EA9 /* AppDelegate.swift */; };
		3656F07B22B29CBD00AE1EA9 /* ViewController.swift in Sources */ = {isa = PBXBuildFile; fileRef = 3656F07A22B29CBD00AE1EA9 /* ViewController.swift */; };
		3656F07E22B29CBD00AE1EA9 /* ViewController.storyboard in Resources */ = {isa = PBXBuildFile; fileRef = 3656F07C22B29CBD00AE1EA9 /* ViewController.storyboard */; };
		3656F08022B29CBE00AE1EA9 /* Assets.xcassets in Resources */ = {isa = PBXBuildFile; fileRef = 3656F07F22B29CBE00AE1EA9 /* Assets.xcassets */; };
		3656F08322B29CBE00AE1EA9 /* LaunchScreen.storyboard in Resources */ = {isa = PBXBuildFile; fileRef = 3656F08122B29CBE00AE1EA9 /* LaunchScreen.storyboard */; };
		3656F08C22B29D5B00AE1EA9 /* UIViewController+storyboard.swift in Sources */ = {isa = PBXBuildFile; fileRef = 3656F08B22B29D5B00AE1EA9 /* UIViewController+storyboard.swift */; };
		3656F08F22B29F6300AE1EA9 /* MyPageViewController.swift in Sources */ = {isa = PBXBuildFile; fileRef = 3656F08E22B29F6300AE1EA9 /* MyPageViewController.swift */; };
		3656F09122B29F6D00AE1EA9 /* MyPageViewController.storyboard in Resources */ = {isa = PBXBuildFile; fileRef = 3656F09022B29F6D00AE1EA9 /* MyPageViewController.storyboard */; };
		3656F09322B29FBC00AE1EA9 /* TabView.swift in Sources */ = {isa = PBXBuildFile; fileRef = 3656F09222B29FBC00AE1EA9 /* TabView.swift */; };
		3656F09622B2A03200AE1EA9 /* TabView.xib in Resources */ = {isa = PBXBuildFile; fileRef = 3656F09522B2A03200AE1EA9 /* TabView.xib */; };
		3656F09822B2A21300AE1EA9 /* TabCollectionViewCell.swift in Sources */ = {isa = PBXBuildFile; fileRef = 3656F09722B2A21300AE1EA9 /* TabCollectionViewCell.swift */; };
/* End PBXBuildFile section */

/* Begin PBXFileReference section */
		3656F07522B29CBD00AE1EA9 /* MyPageViewController.app */ = {isa = PBXFileReference; explicitFileType = wrapper.application; includeInIndex = 0; path = MyPageViewController.app; sourceTree = BUILT_PRODUCTS_DIR; };
		3656F07822B29CBD00AE1EA9 /* AppDelegate.swift */ = {isa = PBXFileReference; lastKnownFileType = sourcecode.swift; path = AppDelegate.swift; sourceTree = "<group>"; };
		3656F07A22B29CBD00AE1EA9 /* ViewController.swift */ = {isa = PBXFileReference; lastKnownFileType = sourcecode.swift; path = ViewController.swift; sourceTree = "<group>"; };
		3656F07D22B29CBD00AE1EA9 /* Base */ = {isa = PBXFileReference; lastKnownFileType = file.storyboard; name = Base; path = Base.lproj/ViewController.storyboard; sourceTree = "<group>"; };
		3656F07F22B29CBE00AE1EA9 /* Assets.xcassets */ = {isa = PBXFileReference; lastKnownFileType = folder.assetcatalog; path = Assets.xcassets; sourceTree = "<group>"; };
		3656F08222B29CBE00AE1EA9 /* Base */ = {isa = PBXFileReference; lastKnownFileType = file.storyboard; name = Base; path = Base.lproj/LaunchScreen.storyboard; sourceTree = "<group>"; };
		3656F08422B29CBE00AE1EA9 /* Info.plist */ = {isa = PBXFileReference; lastKnownFileType = text.plist.xml; path = Info.plist; sourceTree = "<group>"; };
		3656F08B22B29D5B00AE1EA9 /* UIViewController+storyboard.swift */ = {isa = PBXFileReference; lastKnownFileType = sourcecode.swift; path = "UIViewController+storyboard.swift"; sourceTree = "<group>"; };
		3656F08E22B29F6300AE1EA9 /* MyPageViewController.swift */ = {isa = PBXFileReference; lastKnownFileType = sourcecode.swift; path = MyPageViewController.swift; sourceTree = "<group>"; };
		3656F09022B29F6D00AE1EA9 /* MyPageViewController.storyboard */ = {isa = PBXFileReference; lastKnownFileType = file.storyboard; path = MyPageViewController.storyboard; sourceTree = "<group>"; };
		3656F09222B29FBC00AE1EA9 /* TabView.swift */ = {isa = PBXFileReference; lastKnownFileType = sourcecode.swift; path = TabView.swift; sourceTree = "<group>"; };
		3656F09522B2A03200AE1EA9 /* TabView.xib */ = {isa = PBXFileReference; lastKnownFileType = file.xib; path = TabView.xib; sourceTree = "<group>"; };
		3656F09722B2A21300AE1EA9 /* TabCollectionViewCell.swift */ = {isa = PBXFileReference; lastKnownFileType = sourcecode.swift; path = TabCollectionViewCell.swift; sourceTree = "<group>"; };
/* End PBXFileReference section */

/* Begin PBXFrameworksBuildPhase section */
		3656F07222B29CBD00AE1EA9 /* Frameworks */ = {
			isa = PBXFrameworksBuildPhase;
			buildActionMask = 2147483647;
			files = (
			);
			runOnlyForDeploymentPostprocessing = 0;
		};
/* End PBXFrameworksBuildPhase section */

/* Begin PBXGroup section */
		3656F06C22B29CBD00AE1EA9 = {
			isa = PBXGroup;
			children = (
				3656F07722B29CBD00AE1EA9 /* MyPageViewController */,
				3656F07622B29CBD00AE1EA9 /* Products */,
			);
			sourceTree = "<group>";
		};
		3656F07622B29CBD00AE1EA9 /* Products */ = {
			isa = PBXGroup;
			children = (
				3656F07522B29CBD00AE1EA9 /* MyPageViewController.app */,
			);
			name = Products;
			sourceTree = "<group>";
		};
		3656F07722B29CBD00AE1EA9 /* MyPageViewController */ = {
			isa = PBXGroup;
			children = (
				3656F08D22B29F2900AE1EA9 /* Scenes */,
				3656F08A22B29D1F00AE1EA9 /* Extensions */,
				3656F07822B29CBD00AE1EA9 /* AppDelegate.swift */,
				3656F07A22B29CBD00AE1EA9 /* ViewController.swift */,
				3656F07C22B29CBD00AE1EA9 /* ViewController.storyboard */,
				3656F07F22B29CBE00AE1EA9 /* Assets.xcassets */,
				3656F08122B29CBE00AE1EA9 /* LaunchScreen.storyboard */,
				3656F08422B29CBE00AE1EA9 /* Info.plist */,
			);
			path = MyPageViewController;
			sourceTree = "<group>";
		};
		3656F08A22B29D1F00AE1EA9 /* Extensions */ = {
			isa = PBXGroup;
			children = (
				3656F08B22B29D5B00AE1EA9 /* UIViewController+storyboard.swift */,
			);
			path = Extensions;
			sourceTree = "<group>";
		};
		3656F08D22B29F2900AE1EA9 /* Scenes */ = {
			isa = PBXGroup;
			children = (
				3656F09422B2A02300AE1EA9 /* Views */,
				3656F08E22B29F6300AE1EA9 /* MyPageViewController.swift */,
				3656F09022B29F6D00AE1EA9 /* MyPageViewController.storyboard */,
			);
			path = Scenes;
			sourceTree = "<group>";
		};
		3656F09422B2A02300AE1EA9 /* Views */ = {
			isa = PBXGroup;
			children = (
				3656F09222B29FBC00AE1EA9 /* TabView.swift */,
				3656F09522B2A03200AE1EA9 /* TabView.xib */,
				3656F09722B2A21300AE1EA9 /* TabCollectionViewCell.swift */,
			);
			path = Views;
			sourceTree = "<group>";
		};
/* End PBXGroup section */

/* Begin PBXNativeTarget section */
		3656F07422B29CBD00AE1EA9 /* MyPageViewController */ = {
			isa = PBXNativeTarget;
			buildConfigurationList = 3656F08722B29CBE00AE1EA9 /* Build configuration list for PBXNativeTarget "MyPageViewController" */;
			buildPhases = (
				3656F07122B29CBD00AE1EA9 /* Sources */,
				3656F07222B29CBD00AE1EA9 /* Frameworks */,
				3656F07322B29CBD00AE1EA9 /* Resources */,
			);
			buildRules = (
			);
			dependencies = (
			);
			name = MyPageViewController;
			productName = MyPageViewController;
			productReference = 3656F07522B29CBD00AE1EA9 /* MyPageViewController.app */;
			productType = "com.apple.product-type.application";
		};
/* End PBXNativeTarget section */

/* Begin PBXProject section */
		3656F06D22B29CBD00AE1EA9 /* Project object */ = {
			isa = PBXProject;
			attributes = {
				LastSwiftUpdateCheck = 1020;
				LastUpgradeCheck = 1020;
				ORGANIZATIONNAME = "Kazuki Kubo";
				TargetAttributes = {
					3656F07422B29CBD00AE1EA9 = {
						CreatedOnToolsVersion = 10.2.1;
					};
				};
			};
			buildConfigurationList = 3656F07022B29CBD00AE1EA9 /* Build configuration list for PBXProject "MyPageViewController" */;
			compatibilityVersion = "Xcode 9.3";
			developmentRegion = en;
			hasScannedForEncodings = 0;
			knownRegions = (
				en,
				Base,
			);
			mainGroup = 3656F06C22B29CBD00AE1EA9;
			productRefGroup = 3656F07622B29CBD00AE1EA9 /* Products */;
			projectDirPath = "";
			projectRoot = "";
			targets = (
				3656F07422B29CBD00AE1EA9 /* MyPageViewController */,
			);
		};
/* End PBXProject section */

/* Begin PBXResourcesBuildPhase section */
		3656F07322B29CBD00AE1EA9 /* Resources */ = {
			isa = PBXResourcesBuildPhase;
			buildActionMask = 2147483647;
			files = (
				3656F09122B29F6D00AE1EA9 /* MyPageViewController.storyboard in Resources */,
				3656F08322B29CBE00AE1EA9 /* LaunchScreen.storyboard in Resources */,
				3656F08022B29CBE00AE1EA9 /* Assets.xcassets in Resources */,
				3656F07E22B29CBD00AE1EA9 /* ViewController.storyboard in Resources */,
				3656F09622B2A03200AE1EA9 /* TabView.xib in Resources */,
			);
			runOnlyForDeploymentPostprocessing = 0;
		};
/* End PBXResourcesBuildPhase section */

/* Begin PBXSourcesBuildPhase section */
		3656F07122B29CBD00AE1EA9 /* Sources */ = {
			isa = PBXSourcesBuildPhase;
			buildActionMask = 2147483647;
			files = (
				3656F09322B29FBC00AE1EA9 /* TabView.swift in Sources */,
				3656F07B22B29CBD00AE1EA9 /* ViewController.swift in Sources */,
				3656F09822B2A21300AE1EA9 /* TabCollectionViewCell.swift in Sources */,
				3656F07922B29CBD00AE1EA9 /* AppDelegate.swift in Sources */,
				3656F08C22B29D5B00AE1EA9 /* UIViewController+storyboard.swift in Sources */,
				3656F08F22B29F6300AE1EA9 /* MyPageViewController.swift in Sources */,
			);
			runOnlyForDeploymentPostprocessing = 0;
		};
/* End PBXSourcesBuildPhase section */

/* Begin PBXVariantGroup section */
		3656F07C22B29CBD00AE1EA9 /* ViewController.storyboard */ = {
			isa = PBXVariantGroup;
			children = (
				3656F07D22B29CBD00AE1EA9 /* Base */,
			);
			name = ViewController.storyboard;
			sourceTree = "<group>";
		};
		3656F08122B29CBE00AE1EA9 /* LaunchScreen.storyboard */ = {
			isa = PBXVariantGroup;
			children = (
				3656F08222B29CBE00AE1EA9 /* Base */,
			);
			name = LaunchScreen.storyboard;
			sourceTree = "<group>";
		};
/* End PBXVariantGroup section */

/* Begin XCBuildConfiguration section */
		3656F08522B29CBE00AE1EA9 /* Debug */ = {
			isa = XCBuildConfiguration;
			buildSettings = {
				ALWAYS_SEARCH_USER_PATHS = NO;
				CLANG_ANALYZER_NONNULL = YES;
				CLANG_ANALYZER_NUMBER_OBJECT_CONVERSION = YES_AGGRESSIVE;
				CLANG_CXX_LANGUAGE_STANDARD = "gnu++14";
				CLANG_CXX_LIBRARY = "libc++";
				CLANG_ENABLE_MODULES = YES;
				CLANG_ENABLE_OBJC_ARC = YES;
				CLANG_ENABLE_OBJC_WEAK = YES;
				CLANG_WARN_BLOCK_CAPTURE_AUTORELEASING = YES;
				CLANG_WARN_BOOL_CONVERSION = YES;
				CLANG_WARN_COMMA = YES;
				CLANG_WARN_CONSTANT_CONVERSION = YES;
				CLANG_WARN_DEPRECATED_OBJC_IMPLEMENTATIONS = YES;
				CLANG_WARN_DIRECT_OBJC_ISA_USAGE = YES_ERROR;
				CLANG_WARN_DOCUMENTATION_COMMENTS = YES;
				CLANG_WARN_EMPTY_BODY = YES;
				CLANG_WARN_ENUM_CONVERSION = YES;
				CLANG_WARN_INFINITE_RECURSION = YES;
				CLANG_WARN_INT_CONVERSION = YES;
				CLANG_WARN_NON_LITERAL_NULL_CONVERSION = YES;
				CLANG_WARN_OBJC_IMPLICIT_RETAIN_SELF = YES;
				CLANG_WARN_OBJC_LITERAL_CONVERSION = YES;
				CLANG_WARN_OBJC_ROOT_CLASS = YES_ERROR;
				CLANG_WARN_RANGE_LOOP_ANALYSIS = YES;
				CLANG_WARN_STRICT_PROTOTYPES = YES;
				CLANG_WARN_SUSPICIOUS_MOVE = YES;
				CLANG_WARN_UNGUARDED_AVAILABILITY = YES_AGGRESSIVE;
				CLANG_WARN_UNREACHABLE_CODE = YES;
				CLANG_WARN__DUPLICATE_METHOD_MATCH = YES;
				CODE_SIGN_IDENTITY = "iPhone Developer";
				COPY_PHASE_STRIP = NO;
				DEBUG_INFORMATION_FORMAT = dwarf;
				ENABLE_STRICT_OBJC_MSGSEND = YES;
				ENABLE_TESTABILITY = YES;
				GCC_C_LANGUAGE_STANDARD = gnu11;
				GCC_DYNAMIC_NO_PIC = NO;
				GCC_NO_COMMON_BLOCKS = YES;
				GCC_OPTIMIZATION_LEVEL = 0;
				GCC_PREPROCESSOR_DEFINITIONS = (
					"DEBUG=1",
					"$(inherited)",
				);
				GCC_WARN_64_TO_32_BIT_CONVERSION = YES;
				GCC_WARN_ABOUT_RETURN_TYPE = YES_ERROR;
				GCC_WARN_UNDECLARED_SELECTOR = YES;
				GCC_WARN_UNINITIALIZED_AUTOS = YES_AGGRESSIVE;
				GCC_WARN_UNUSED_FUNCTION = YES;
				GCC_WARN_UNUSED_VARIABLE = YES;
				IPHONEOS_DEPLOYMENT_TARGET = 12.2;
				MTL_ENABLE_DEBUG_INFO = INCLUDE_SOURCE;
				MTL_FAST_MATH = YES;
				ONLY_ACTIVE_ARCH = YES;
				SDKROOT = iphoneos;
				SWIFT_ACTIVE_COMPILATION_CONDITIONS = DEBUG;
				SWIFT_OPTIMIZATION_LEVEL = "-Onone";
			};
			name = Debug;
		};
		3656F08622B29CBE00AE1EA9 /* Release */ = {
			isa = XCBuildConfiguration;
			buildSettings = {
				ALWAYS_SEARCH_USER_PATHS = NO;
				CLANG_ANALYZER_NONNULL = YES;
				CLANG_ANALYZER_NUMBER_OBJECT_CONVERSION = YES_AGGRESSIVE;
				CLANG_CXX_LANGUAGE_STANDARD = "gnu++14";
				CLANG_CXX_LIBRARY = "libc++";
				CLANG_ENABLE_MODULES = YES;
				CLANG_ENABLE_OBJC_ARC = YES;
				CLANG_ENABLE_OBJC_WEAK = YES;
				CLANG_WARN_BLOCK_CAPTURE_AUTORELEASING = YES;
				CLANG_WARN_BOOL_CONVERSION = YES;
				CLANG_WARN_COMMA = YES;
				CLANG_WARN_CONSTANT_CONVERSION = YES;
				CLANG_WARN_DEPRECATED_OBJC_IMPLEMENTATIONS = YES;
				CLANG_WARN_DIRECT_OBJC_ISA_USAGE = YES_ERROR;
				CLANG_WARN_DOCUMENTATION_COMMENTS = YES;
				CLANG_WARN_EMPTY_BODY = YES;
				CLANG_WARN_ENUM_CONVERSION = YES;
				CLANG_WARN_INFINITE_RECURSION = YES;
				CLANG_WARN_INT_CONVERSION = YES;
				CLANG_WARN_NON_LITERAL_NULL_CONVERSION = YES;
				CLANG_WARN_OBJC_IMPLICIT_RETAIN_SELF = YES;
				CLANG_WARN_OBJC_LITERAL_CONVERSION = YES;
				CLANG_WARN_OBJC_ROOT_CLASS = YES_ERROR;
				CLANG_WARN_RANGE_LOOP_ANALYSIS = YES;
				CLANG_WARN_STRICT_PROTOTYPES = YES;
				CLANG_WARN_SUSPICIOUS_MOVE = YES;
				CLANG_WARN_UNGUARDED_AVAILABILITY = YES_AGGRESSIVE;
				CLANG_WARN_UNREACHABLE_CODE = YES;
				CLANG_WARN__DUPLICATE_METHOD_MATCH = YES;
				CODE_SIGN_IDENTITY = "iPhone Developer";
				COPY_PHASE_STRIP = NO;
				DEBUG_INFORMATION_FORMAT = "dwarf-with-dsym";
				ENABLE_NS_ASSERTIONS = NO;
				ENABLE_STRICT_OBJC_MSGSEND = YES;
				GCC_C_LANGUAGE_STANDARD = gnu11;
				GCC_NO_COMMON_BLOCKS = YES;
				GCC_WARN_64_TO_32_BIT_CONVERSION = YES;
				GCC_WARN_ABOUT_RETURN_TYPE = YES_ERROR;
				GCC_WARN_UNDECLARED_SELECTOR = YES;
				GCC_WARN_UNINITIALIZED_AUTOS = YES_AGGRESSIVE;
				GCC_WARN_UNUSED_FUNCTION = YES;
				GCC_WARN_UNUSED_VARIABLE = YES;
				IPHONEOS_DEPLOYMENT_TARGET = 12.2;
				MTL_ENABLE_DEBUG_INFO = NO;
				MTL_FAST_MATH = YES;
				SDKROOT = iphoneos;
				SWIFT_COMPILATION_MODE = wholemodule;
				SWIFT_OPTIMIZATION_LEVEL = "-O";
				VALIDATE_PRODUCT = YES;
			};
			name = Release;
		};
		3656F08822B29CBE00AE1EA9 /* Debug */ = {
			isa = XCBuildConfiguration;
			buildSettings = {
				ASSETCATALOG_COMPILER_APPICON_NAME = AppIcon;
				CODE_SIGN_STYLE = Manual;
				DEVELOPMENT_TEAM = "";
				INFOPLIST_FILE = MyPageViewController/Info.plist;
				LD_RUNPATH_SEARCH_PATHS = (
					"$(inherited)",
					"@executable_path/Frameworks",
				);
				PRODUCT_BUNDLE_IDENTIFIER = org.assaulter.kz.MyPageViewController;
				PRODUCT_NAME = "$(TARGET_NAME)";
				PROVISIONING_PROFILE_SPECIFIER = "";
				SWIFT_VERSION = 5.0;
				TARGETED_DEVICE_FAMILY = "1,2";
			};
			name = Debug;
		};
		3656F08922B29CBE00AE1EA9 /* Release */ = {
			isa = XCBuildConfiguration;
			buildSettings = {
				ASSETCATALOG_COMPILER_APPICON_NAME = AppIcon;
				CODE_SIGN_STYLE = Manual;
				DEVELOPMENT_TEAM = "";
				INFOPLIST_FILE = MyPageViewController/Info.plist;
				LD_RUNPATH_SEARCH_PATHS = (
					"$(inherited)",
					"@executable_path/Frameworks",
				);
				PRODUCT_BUNDLE_IDENTIFIER = org.assaulter.kz.MyPageViewController;
				PRODUCT_NAME = "$(TARGET_NAME)";
				PROVISIONING_PROFILE_SPECIFIER = "";
				SWIFT_VERSION = 5.0;
				TARGETED_DEVICE_FAMILY = "1,2";
			};
			name = Release;
		};
/* End XCBuildConfiguration section */

/* Begin XCConfigurationList section */
		3656F07022B29CBD00AE1EA9 /* Build configuration list for PBXProject "MyPageViewController" */ = {
			isa = XCConfigurationList;
			buildConfigurations = (
				3656F08522B29CBE00AE1EA9 /* Debug */,
				3656F08622B29CBE00AE1EA9 /* Release */,
			);
			defaultConfigurationIsVisible = 0;
			defaultConfigurationName = Release;
		};
		3656F08722B29CBE00AE1EA9 /* Build configuration list for PBXNativeTarget "MyPageViewController" */ = {
			isa = XCConfigurationList;
			buildConfigurations = (
				3656F08822B29CBE00AE1EA9 /* Debug */,
				3656F08922B29CBE00AE1EA9 /* Release */,
			);
			defaultConfigurationIsVisible = 0;
			defaultConfigurationName = Release;
		};
/* End XCConfigurationList section */
	};
	rootObject = 3656F06D22B29CBD00AE1EA9 /* Project object */;
}
